
Microsoft Visual Studio Solution File, Format Version 12.00
# Visual Studio Version 16
VisualStudioVersion = 16.0.29806.167
MinimumVisualStudioVersion = 10.0.40219.1
Project("{F184B08F-C81C-45F6-A57F-5ABD9991F28F}") = "Game Updater", "Game Updater\Game Updater.vbproj", "{2A2FFFF8-DD99-4391-9707-B5686DD97D9E}"
EndProject
Project("{F184B08F-C81C-45F6-A57F-5ABD9991F28F}") = "GJPush", "GJPush\GJPush.vbproj", "{4D799F78-D4AF-42B9-94DF-4C027980EA54}"
EndProject
Global
	GlobalSection(SolutionConfigurationPlatforms) = preSolution
		Debug|Any CPU = Debug|Any CPU
		Release|Any CPU = Release|Any CPU
	EndGlobalSection
	GlobalSection(ProjectConfigurationPlatforms) = postSolution
		{2A2FFFF8-DD99-4391-9707-B5686DD97D9E}.Debug|Any CPU.ActiveCfg = Debug|Any CPU
		{2A2FFFF8-DD99-4391-9707-B5686DD97D9E}.Debug|Any CPU.Build.0 = Debug|Any CPU
		{2A2FFFF8-DD99-4391-9707-B5686DD97D9E}.Release|Any CPU.ActiveCfg = Release|Any CPU
		{2A2FFFF8-DD99-4391-9707-B5686DD97D9E}.Release|Any CPU.Build.0 = Release|Any CPU
		{4D799F78-D4AF-42B9-94DF-4C027980EA54}.Debug|Any CPU.ActiveCfg = Debug|Any CPU
		{4D799F78-D4AF-42B9-94DF-4C027980EA54}.Debug|Any CPU.Build.0 = Debug|Any CPU
		{4D799F78-D4AF-42B9-94DF-4C027980EA54}.Release|Any CPU.ActiveCfg = Release|Any CPU
		{4D799F78-D4AF-42B9-94DF-4C027980EA54}.Release|Any CPU.Build.0 = Release|Any CPU
	EndGlobalSection
	GlobalSection(SolutionProperties) = preSolution
		HideSolutionNode = FALSE
	EndGlobalSection
	GlobalSection(ExtensibilityGlobals) = postSolution
		SolutionGuid = {7F371C75-8933-45EF-86F0-77E2D39821C7}
	EndGlobalSection
EndGlobal
